
Microsoft Visual Studio Solution File, Format Version 12.00
# Visual Studio Version 17
VisualStudioVersion = 17.2.32526.322
MinimumVisualStudioVersion = 10.0.40219.1
Project("{FAE04EC0-301F-11D3-BF4B-00C04F79EFBC}") = "Web Text Editor", "Web Text Editor\Web Text Editor.csproj", "{B5409EA2-E5EE-46B1-89C9-6D8E03761EDA}"
EndProject
Global
	GlobalSection(SolutionConfigurationPlatforms) = preSolution
		Debug|Any CPU = Debug|Any CPU
		Release|Any CPU = Release|Any CPU
	EndGlobalSection
	GlobalSection(ProjectConfigurationPlatforms) = postSolution
		{B5409EA2-E5EE-46B1-89C9-6D8E03761EDA}.Debug|Any CPU.ActiveCfg = Debug|Any CPU
		{B5409EA2-E5EE-46B1-89C9-6D8E03761EDA}.Debug|Any CPU.Build.0 = Debug|Any CPU
		{B5409EA2-E5EE-46B1-89C9-6D8E03761EDA}.Release|Any CPU.ActiveCfg = Release|Any CPU
		{B5409EA2-E5EE-46B1-89C9-6D8E03761EDA}.Release|Any CPU.Build.0 = Release|Any CPU
	EndGlobalSection
	GlobalSection(SolutionProperties) = preSolution
		HideSolutionNode = FALSE
	EndGlobalSection
	GlobalSection(ExtensibilityGlobals) = postSolution
		SolutionGuid = {500AA572-C924-4274-B9E9-B218DC5D9283}
	EndGlobalSection
EndGlobal
